// !$*UTF8*$!
{
	archiveVersion = 1;
	classes = {
	};
	objectVersion = 56;
	objects = {

/* Begin PBXBuildFile section */
		4E3E90F72AFB12A5008B168A /* HeroSection.swift in Sources */ = {isa = PBXBuildFile; fileRef = 4E3E90F62AFB12A5008B168A /* HeroSection.swift */; };
		4E3E90FD2AFB1382008B168A /* HeroContent.swift in Sources */ = {isa = PBXBuildFile; fileRef = 4E3E90FC2AFB1382008B168A /* HeroContent.swift */; };
		4E3E90FF2AFB138B008B168A /* HeroHeader.swift in Sources */ = {isa = PBXBuildFile; fileRef = 4E3E90FE2AFB138B008B168A /* HeroHeader.swift */; };
		4E3E91012AFB150E008B168A /* Section.swift in Sources */ = {isa = PBXBuildFile; fileRef = 4E3E91002AFB150E008B168A /* Section.swift */; };
		4E3E91062AFB2633008B168A /* Array.swift in Sources */ = {isa = PBXBuildFile; fileRef = 4E3E91052AFB2633008B168A /* Array.swift */; };
		4E3E91082AFB2780008B168A /* Festival.swift in Sources */ = {isa = PBXBuildFile; fileRef = 4E3E91072AFB2780008B168A /* Festival.swift */; };
		4E3E910C2AFB34C1008B168A /* ArtistFooterView.swift in Sources */ = {isa = PBXBuildFile; fileRef = 4E3E910B2AFB34C1008B168A /* ArtistFooterView.swift */; };
		4E3E910E2AFB3A19008B168A /* Mocks.swift in Sources */ = {isa = PBXBuildFile; fileRef = 4E3E910D2AFB3A19008B168A /* Mocks.swift */; };
		4EB0B6BD2AF9984E00B53D7F /* MusicDemoProjectApp.swift in Sources */ = {isa = PBXBuildFile; fileRef = 4EB0B6BC2AF9984E00B53D7F /* MusicDemoProjectApp.swift */; };
		4EB0B6BF2AF9984E00B53D7F /* ContentView.swift in Sources */ = {isa = PBXBuildFile; fileRef = 4EB0B6BE2AF9984E00B53D7F /* ContentView.swift */; };
		4EB0B6C12AF9984E00B53D7F /* Assets.xcassets in Resources */ = {isa = PBXBuildFile; fileRef = 4EB0B6C02AF9984E00B53D7F /* Assets.xcassets */; };
		4EB0B6C42AF9984E00B53D7F /* Preview Assets.xcassets in Resources */ = {isa = PBXBuildFile; fileRef = 4EB0B6C32AF9984E00B53D7F /* Preview Assets.xcassets */; };
		4EB0B6CE2AF9984F00B53D7F /* MusicDemoProjectTests.swift in Sources */ = {isa = PBXBuildFile; fileRef = 4EB0B6CD2AF9984F00B53D7F /* MusicDemoProjectTests.swift */; };
		4EB0B6D82AF9984F00B53D7F /* MusicDemoProjectUITests.swift in Sources */ = {isa = PBXBuildFile; fileRef = 4EB0B6D72AF9984F00B53D7F /* MusicDemoProjectUITests.swift */; };
		4EB0B6DA2AF9984F00B53D7F /* MusicDemoProjectUITestsLaunchTests.swift in Sources */ = {isa = PBXBuildFile; fileRef = 4EB0B6D92AF9984F00B53D7F /* MusicDemoProjectUITestsLaunchTests.swift */; };
		4EB0B6E72AF9996A00B53D7F /* festivals.json in Resources */ = {isa = PBXBuildFile; fileRef = 4EB0B6E62AF9996A00B53D7F /* festivals.json */; };
		4EB0B6ED2AF999CB00B53D7F /* HomeView.swift in Sources */ = {isa = PBXBuildFile; fileRef = 4EB0B6EC2AF999CB00B53D7F /* HomeView.swift */; };
		4EB0B6F42AF99A8D00B53D7F /* HomeViewModel.swift in Sources */ = {isa = PBXBuildFile; fileRef = 4EB0B6F32AF99A8D00B53D7F /* HomeViewModel.swift */; };
		4EB0B6FC2AF9BB5500B53D7F /* FestivalService.swift in Sources */ = {isa = PBXBuildFile; fileRef = 4EB0B6FB2AF9BB5500B53D7F /* FestivalService.swift */; };
		4ECD696F2AF9C1C10036FBEC /* Artist.swift in Sources */ = {isa = PBXBuildFile; fileRef = 4ECD696E2AF9C1C10036FBEC /* Artist.swift */; };
		4ECD69712AF9C2C60036FBEC /* ArtistCardView.swift in Sources */ = {isa = PBXBuildFile; fileRef = 4ECD69702AF9C2C60036FBEC /* ArtistCardView.swift */; };
		4ECD69782AF9D9630036FBEC /* EmptyPhotoView.swift in Sources */ = {isa = PBXBuildFile; fileRef = 4ECD69772AF9D9630036FBEC /* EmptyPhotoView.swift */; };
		4ECD697A2AF9DAFF0036FBEC /* ArtistImageView.swift in Sources */ = {isa = PBXBuildFile; fileRef = 4ECD69792AF9DAFF0036FBEC /* ArtistImageView.swift */; };
/* End PBXBuildFile section */

/* Begin PBXContainerItemProxy section */
		4EB0B6CA2AF9984F00B53D7F /* PBXContainerItemProxy */ = {
			isa = PBXContainerItemProxy;
			containerPortal = 4EB0B6B12AF9984E00B53D7F /* Project object */;
			proxyType = 1;
			remoteGlobalIDString = 4EB0B6B82AF9984E00B53D7F;
			remoteInfo = MusicDemoProject;
		};
		4EB0B6D42AF9984F00B53D7F /* PBXContainerItemProxy */ = {
			isa = PBXContainerItemProxy;
			containerPortal = 4EB0B6B12AF9984E00B53D7F /* Project object */;
			proxyType = 1;
			remoteGlobalIDString = 4EB0B6B82AF9984E00B53D7F;
			remoteInfo = MusicDemoProject;
		};
/* End PBXContainerItemProxy section */

/* Begin PBXFileReference section */
		4E3E90F62AFB12A5008B168A /* HeroSection.swift */ = {isa = PBXFileReference; lastKnownFileType = sourcecode.swift; path = HeroSection.swift; sourceTree = "<group>"; };
		4E3E90FC2AFB1382008B168A /* HeroContent.swift */ = {isa = PBXFileReference; lastKnownFileType = sourcecode.swift; path = HeroContent.swift; sourceTree = "<group>"; };
		4E3E90FE2AFB138B008B168A /* HeroHeader.swift */ = {isa = PBXFileReference; lastKnownFileType = sourcecode.swift; path = HeroHeader.swift; sourceTree = "<group>"; };
		4E3E91002AFB150E008B168A /* Section.swift */ = {isa = PBXFileReference; lastKnownFileType = sourcecode.swift; path = Section.swift; sourceTree = "<group>"; };
		4E3E91052AFB2633008B168A /* Array.swift */ = {isa = PBXFileReference; lastKnownFileType = sourcecode.swift; path = Array.swift; sourceTree = "<group>"; };
		4E3E91072AFB2780008B168A /* Festival.swift */ = {isa = PBXFileReference; lastKnownFileType = sourcecode.swift; path = Festival.swift; sourceTree = "<group>"; };
		4E3E910B2AFB34C1008B168A /* ArtistFooterView.swift */ = {isa = PBXFileReference; lastKnownFileType = sourcecode.swift; path = ArtistFooterView.swift; sourceTree = "<group>"; };
		4E3E910D2AFB3A19008B168A /* Mocks.swift */ = {isa = PBXFileReference; lastKnownFileType = sourcecode.swift; path = Mocks.swift; sourceTree = "<group>"; };
		4EB0B6B92AF9984E00B53D7F /* MusicDemoProject.app */ = {isa = PBXFileReference; explicitFileType = wrapper.application; includeInIndex = 0; path = MusicDemoProject.app; sourceTree = BUILT_PRODUCTS_DIR; };
		4EB0B6BC2AF9984E00B53D7F /* MusicDemoProjectApp.swift */ = {isa = PBXFileReference; lastKnownFileType = sourcecode.swift; path = MusicDemoProjectApp.swift; sourceTree = "<group>"; };
		4EB0B6BE2AF9984E00B53D7F /* ContentView.swift */ = {isa = PBXFileReference; lastKnownFileType = sourcecode.swift; path = ContentView.swift; sourceTree = "<group>"; };
		4EB0B6C02AF9984E00B53D7F /* Assets.xcassets */ = {isa = PBXFileReference; lastKnownFileType = folder.assetcatalog; path = Assets.xcassets; sourceTree = "<group>"; };
		4EB0B6C32AF9984E00B53D7F /* Preview Assets.xcassets */ = {isa = PBXFileReference; lastKnownFileType = folder.assetcatalog; path = "Preview Assets.xcassets"; sourceTree = "<group>"; };
		4EB0B6C92AF9984F00B53D7F /* MusicDemoProjectTests.xctest */ = {isa = PBXFileReference; explicitFileType = wrapper.cfbundle; includeInIndex = 0; path = MusicDemoProjectTests.xctest; sourceTree = BUILT_PRODUCTS_DIR; };
		4EB0B6CD2AF9984F00B53D7F /* MusicDemoProjectTests.swift */ = {isa = PBXFileReference; lastKnownFileType = sourcecode.swift; path = MusicDemoProjectTests.swift; sourceTree = "<group>"; };
		4EB0B6D32AF9984F00B53D7F /* MusicDemoProjectUITests.xctest */ = {isa = PBXFileReference; explicitFileType = wrapper.cfbundle; includeInIndex = 0; path = MusicDemoProjectUITests.xctest; sourceTree = BUILT_PRODUCTS_DIR; };
		4EB0B6D72AF9984F00B53D7F /* MusicDemoProjectUITests.swift */ = {isa = PBXFileReference; lastKnownFileType = sourcecode.swift; path = MusicDemoProjectUITests.swift; sourceTree = "<group>"; };
		4EB0B6D92AF9984F00B53D7F /* MusicDemoProjectUITestsLaunchTests.swift */ = {isa = PBXFileReference; lastKnownFileType = sourcecode.swift; path = MusicDemoProjectUITestsLaunchTests.swift; sourceTree = "<group>"; };
		4EB0B6E62AF9996A00B53D7F /* festivals.json */ = {isa = PBXFileReference; fileEncoding = 4; lastKnownFileType = text.json; path = festivals.json; sourceTree = "<group>"; };
		4EB0B6EC2AF999CB00B53D7F /* HomeView.swift */ = {isa = PBXFileReference; lastKnownFileType = sourcecode.swift; path = HomeView.swift; sourceTree = "<group>"; };
		4EB0B6F32AF99A8D00B53D7F /* HomeViewModel.swift */ = {isa = PBXFileReference; lastKnownFileType = sourcecode.swift; path = HomeViewModel.swift; sourceTree = "<group>"; };
		4EB0B6FB2AF9BB5500B53D7F /* FestivalService.swift */ = {isa = PBXFileReference; lastKnownFileType = sourcecode.swift; path = FestivalService.swift; sourceTree = "<group>"; };
		4ECD696E2AF9C1C10036FBEC /* Artist.swift */ = {isa = PBXFileReference; lastKnownFileType = sourcecode.swift; path = Artist.swift; sourceTree = "<group>"; };
		4ECD69702AF9C2C60036FBEC /* ArtistCardView.swift */ = {isa = PBXFileReference; lastKnownFileType = sourcecode.swift; path = ArtistCardView.swift; sourceTree = "<group>"; };
		4ECD69772AF9D9630036FBEC /* EmptyPhotoView.swift */ = {isa = PBXFileReference; lastKnownFileType = sourcecode.swift; path = EmptyPhotoView.swift; sourceTree = "<group>"; };
		4ECD69792AF9DAFF0036FBEC /* ArtistImageView.swift */ = {isa = PBXFileReference; lastKnownFileType = sourcecode.swift; path = ArtistImageView.swift; sourceTree = "<group>"; };
/* End PBXFileReference section */

/* Begin PBXFrameworksBuildPhase section */
		4EB0B6B62AF9984E00B53D7F /* Frameworks */ = {
			isa = PBXFrameworksBuildPhase;
			buildActionMask = 2147483647;
			files = (
			);
			runOnlyForDeploymentPostprocessing = 0;
		};
		4EB0B6C62AF9984F00B53D7F /* Frameworks */ = {
			isa = PBXFrameworksBuildPhase;
			buildActionMask = 2147483647;
			files = (
			);
			runOnlyForDeploymentPostprocessing = 0;
		};
		4EB0B6D02AF9984F00B53D7F /* Frameworks */ = {
			isa = PBXFrameworksBuildPhase;
			buildActionMask = 2147483647;
			files = (
			);
			runOnlyForDeploymentPostprocessing = 0;
		};
/* End PBXFrameworksBuildPhase section */

/* Begin PBXGroup section */
		4E3E91042AFB2621008B168A /* Extensions */ = {
			isa = PBXGroup;
			children = (
				4E3E91052AFB2633008B168A /* Array.swift */,
			);
			path = Extensions;
			sourceTree = "<group>";
		};
		4EB0B6B02AF9984E00B53D7F = {
			isa = PBXGroup;
			children = (
				4EB0B6BB2AF9984E00B53D7F /* MusicDemoProject */,
				4EB0B6CC2AF9984F00B53D7F /* MusicDemoProjectTests */,
				4EB0B6D62AF9984F00B53D7F /* MusicDemoProjectUITests */,
				4EB0B6BA2AF9984E00B53D7F /* Products */,
			);
			sourceTree = "<group>";
		};
		4EB0B6BA2AF9984E00B53D7F /* Products */ = {
			isa = PBXGroup;
			children = (
				4EB0B6B92AF9984E00B53D7F /* MusicDemoProject.app */,
				4EB0B6C92AF9984F00B53D7F /* MusicDemoProjectTests.xctest */,
				4EB0B6D32AF9984F00B53D7F /* MusicDemoProjectUITests.xctest */,
			);
			name = Products;
			sourceTree = "<group>";
		};
		4EB0B6BB2AF9984E00B53D7F /* MusicDemoProject */ = {
			isa = PBXGroup;
			children = (
				4EB0B6EE2AF999F300B53D7F /* Config */,
				4EB0B6EF2AF999FC00B53D7F /* Resources */,
				4EB0B6F02AF99A0400B53D7F /* Supporting Files */,
				4EB0B6E82AF9999400B53D7F /* src */,
				4EB0B6BC2AF9984E00B53D7F /* MusicDemoProjectApp.swift */,
				4EB0B6BE2AF9984E00B53D7F /* ContentView.swift */,
				4EB0B6C22AF9984E00B53D7F /* Preview Content */,
			);
			path = MusicDemoProject;
			sourceTree = "<group>";
		};
		4EB0B6C22AF9984E00B53D7F /* Preview Content */ = {
			isa = PBXGroup;
			children = (
				4EB0B6C32AF9984E00B53D7F /* Preview Assets.xcassets */,
			);
			path = "Preview Content";
			sourceTree = "<group>";
		};
		4EB0B6CC2AF9984F00B53D7F /* MusicDemoProjectTests */ = {
			isa = PBXGroup;
			children = (
				4EB0B6CD2AF9984F00B53D7F /* MusicDemoProjectTests.swift */,
			);
			path = MusicDemoProjectTests;
			sourceTree = "<group>";
		};
		4EB0B6D62AF9984F00B53D7F /* MusicDemoProjectUITests */ = {
			isa = PBXGroup;
			children = (
				4EB0B6D72AF9984F00B53D7F /* MusicDemoProjectUITests.swift */,
				4EB0B6D92AF9984F00B53D7F /* MusicDemoProjectUITestsLaunchTests.swift */,
			);
			path = MusicDemoProjectUITests;
			sourceTree = "<group>";
		};
		4EB0B6E82AF9999400B53D7F /* src */ = {
			isa = PBXGroup;
			children = (
				4E3E91042AFB2621008B168A /* Extensions */,
				4EB0B6FA2AF9BB4700B53D7F /* Services */,
				4EB0B6F52AF9BAAF00B53D7F /* Models */,
				4EB0B6EA2AF999A100B53D7F /* Features */,
				4EB0B6E92AF9999A00B53D7F /* Utilities */,
			);
			path = src;
			sourceTree = "<group>";
		};
		4EB0B6E92AF9999A00B53D7F /* Utilities */ = {
			isa = PBXGroup;
			children = (
				4E3E910D2AFB3A19008B168A /* Mocks.swift */,
			);
			path = Utilities;
			sourceTree = "<group>";
		};
		4EB0B6EA2AF999A100B53D7F /* Features */ = {
			isa = PBXGroup;
			children = (
				4EB0B6F22AF99A8300B53D7F /* Common */,
				4EB0B6EB2AF999BE00B53D7F /* Home */,
			);
			path = Features;
			sourceTree = "<group>";
		};
		4EB0B6EB2AF999BE00B53D7F /* Home */ = {
			isa = PBXGroup;
			children = (
				4EB0B6EC2AF999CB00B53D7F /* HomeView.swift */,
				4EB0B6F32AF99A8D00B53D7F /* HomeViewModel.swift */,
				4E3E90F62AFB12A5008B168A /* HeroSection.swift */,
				4E3E90FC2AFB1382008B168A /* HeroContent.swift */,
				4E3E90FE2AFB138B008B168A /* HeroHeader.swift */,
			);
			path = Home;
			sourceTree = "<group>";
		};
		4EB0B6EE2AF999F300B53D7F /* Config */ = {
			isa = PBXGroup;
			children = (
			);
			path = Config;
			sourceTree = "<group>";
		};
		4EB0B6EF2AF999FC00B53D7F /* Resources */ = {
			isa = PBXGroup;
			children = (
				4EB0B6C02AF9984E00B53D7F /* Assets.xcassets */,
				4EB0B6E62AF9996A00B53D7F /* festivals.json */,
			);
			path = Resources;
			sourceTree = "<group>";
		};
		4EB0B6F02AF99A0400B53D7F /* Supporting Files */ = {
			isa = PBXGroup;
			children = (
			);
			path = "Supporting Files";
			sourceTree = "<group>";
		};
		4EB0B6F22AF99A8300B53D7F /* Common */ = {
			isa = PBXGroup;
			children = (
				4E3E91002AFB150E008B168A /* Section.swift */,
				4ECD69702AF9C2C60036FBEC /* ArtistCardView.swift */,
				4ECD69772AF9D9630036FBEC /* EmptyPhotoView.swift */,
				4ECD69792AF9DAFF0036FBEC /* ArtistImageView.swift */,
				4E3E910B2AFB34C1008B168A /* ArtistFooterView.swift */,
			);
			path = Common;
			sourceTree = "<group>";
		};
		4EB0B6F52AF9BAAF00B53D7F /* Models */ = {
			isa = PBXGroup;
			children = (
				4ECD696E2AF9C1C10036FBEC /* Artist.swift */,
				4E3E91072AFB2780008B168A /* Festival.swift */,
			);
			path = Models;
			sourceTree = "<group>";
		};
		4EB0B6FA2AF9BB4700B53D7F /* Services */ = {
			isa = PBXGroup;
			children = (
				4EB0B6FB2AF9BB5500B53D7F /* FestivalService.swift */,
			);
			path = Services;
			sourceTree = "<group>";
		};
/* End PBXGroup section */

/* Begin PBXNativeTarget section */
		4EB0B6B82AF9984E00B53D7F /* MusicDemoProject */ = {
			isa = PBXNativeTarget;
			buildConfigurationList = 4EB0B6DD2AF9984F00B53D7F /* Build configuration list for PBXNativeTarget "MusicDemoProject" */;
			buildPhases = (
				4EB0B6B52AF9984E00B53D7F /* Sources */,
				4EB0B6B62AF9984E00B53D7F /* Frameworks */,
				4EB0B6B72AF9984E00B53D7F /* Resources */,
			);
			buildRules = (
			);
			dependencies = (
			);
			name = MusicDemoProject;
			productName = MusicDemoProject;
			productReference = 4EB0B6B92AF9984E00B53D7F /* MusicDemoProject.app */;
			productType = "com.apple.product-type.application";
		};
		4EB0B6C82AF9984F00B53D7F /* MusicDemoProjectTests */ = {
			isa = PBXNativeTarget;
			buildConfigurationList = 4EB0B6E02AF9984F00B53D7F /* Build configuration list for PBXNativeTarget "MusicDemoProjectTests" */;
			buildPhases = (
				4EB0B6C52AF9984F00B53D7F /* Sources */,
				4EB0B6C62AF9984F00B53D7F /* Frameworks */,
				4EB0B6C72AF9984F00B53D7F /* Resources */,
			);
			buildRules = (
			);
			dependencies = (
				4EB0B6CB2AF9984F00B53D7F /* PBXTargetDependency */,
			);
			name = MusicDemoProjectTests;
			productName = MusicDemoProjectTests;
			productReference = 4EB0B6C92AF9984F00B53D7F /* MusicDemoProjectTests.xctest */;
			productType = "com.apple.product-type.bundle.unit-test";
		};
		4EB0B6D22AF9984F00B53D7F /* MusicDemoProjectUITests */ = {
			isa = PBXNativeTarget;
			buildConfigurationList = 4EB0B6E32AF9984F00B53D7F /* Build configuration list for PBXNativeTarget "MusicDemoProjectUITests" */;
			buildPhases = (
				4EB0B6CF2AF9984F00B53D7F /* Sources */,
				4EB0B6D02AF9984F00B53D7F /* Frameworks */,
				4EB0B6D12AF9984F00B53D7F /* Resources */,
			);
			buildRules = (
			);
			dependencies = (
				4EB0B6D52AF9984F00B53D7F /* PBXTargetDependency */,
			);
			name = MusicDemoProjectUITests;
			productName = MusicDemoProjectUITests;
			productReference = 4EB0B6D32AF9984F00B53D7F /* MusicDemoProjectUITests.xctest */;
			productType = "com.apple.product-type.bundle.ui-testing";
		};
/* End PBXNativeTarget section */

/* Begin PBXProject section */
		4EB0B6B12AF9984E00B53D7F /* Project object */ = {
			isa = PBXProject;
			attributes = {
				BuildIndependentTargetsInParallel = 1;
				LastSwiftUpdateCheck = 1500;
				LastUpgradeCheck = 1500;
				TargetAttributes = {
					4EB0B6B82AF9984E00B53D7F = {
						CreatedOnToolsVersion = 15.0.1;
					};
					4EB0B6C82AF9984F00B53D7F = {
						CreatedOnToolsVersion = 15.0.1;
						TestTargetID = 4EB0B6B82AF9984E00B53D7F;
					};
					4EB0B6D22AF9984F00B53D7F = {
						CreatedOnToolsVersion = 15.0.1;
						TestTargetID = 4EB0B6B82AF9984E00B53D7F;
					};
				};
			};
			buildConfigurationList = 4EB0B6B42AF9984E00B53D7F /* Build configuration list for PBXProject "MusicDemoProject" */;
			compatibilityVersion = "Xcode 14.0";
			developmentRegion = en;
			hasScannedForEncodings = 0;
			knownRegions = (
				en,
				Base,
			);
			mainGroup = 4EB0B6B02AF9984E00B53D7F;
			productRefGroup = 4EB0B6BA2AF9984E00B53D7F /* Products */;
			projectDirPath = "";
			projectRoot = "";
			targets = (
				4EB0B6B82AF9984E00B53D7F /* MusicDemoProject */,
				4EB0B6C82AF9984F00B53D7F /* MusicDemoProjectTests */,
				4EB0B6D22AF9984F00B53D7F /* MusicDemoProjectUITests */,
			);
		};
/* End PBXProject section */

/* Begin PBXResourcesBuildPhase section */
		4EB0B6B72AF9984E00B53D7F /* Resources */ = {
			isa = PBXResourcesBuildPhase;
			buildActionMask = 2147483647;
			files = (
				4EB0B6C42AF9984E00B53D7F /* Preview Assets.xcassets in Resources */,
				4EB0B6C12AF9984E00B53D7F /* Assets.xcassets in Resources */,
				4EB0B6E72AF9996A00B53D7F /* festivals.json in Resources */,
			);
			runOnlyForDeploymentPostprocessing = 0;
		};
		4EB0B6C72AF9984F00B53D7F /* Resources */ = {
			isa = PBXResourcesBuildPhase;
			buildActionMask = 2147483647;
			files = (
			);
			runOnlyForDeploymentPostprocessing = 0;
		};
		4EB0B6D12AF9984F00B53D7F /* Resources */ = {
			isa = PBXResourcesBuildPhase;
			buildActionMask = 2147483647;
			files = (
			);
			runOnlyForDeploymentPostprocessing = 0;
		};
/* End PBXResourcesBuildPhase section */

/* Begin PBXSourcesBuildPhase section */
		4EB0B6B52AF9984E00B53D7F /* Sources */ = {
			isa = PBXSourcesBuildPhase;
			buildActionMask = 2147483647;
			files = (
				4EB0B6ED2AF999CB00B53D7F /* HomeView.swift in Sources */,
				4EB0B6BF2AF9984E00B53D7F /* ContentView.swift in Sources */,
				4EB0B6BD2AF9984E00B53D7F /* MusicDemoProjectApp.swift in Sources */,
				4E3E91012AFB150E008B168A /* Section.swift in Sources */,
				4ECD69712AF9C2C60036FBEC /* ArtistCardView.swift in Sources */,
				4E3E91062AFB2633008B168A /* Array.swift in Sources */,
				4E3E910C2AFB34C1008B168A /* ArtistFooterView.swift in Sources */,
				4E3E91082AFB2780008B168A /* Festival.swift in Sources */,
				4E3E90FD2AFB1382008B168A /* HeroContent.swift in Sources */,
				4EB0B6F42AF99A8D00B53D7F /* HomeViewModel.swift in Sources */,
				4EB0B6FC2AF9BB5500B53D7F /* FestivalService.swift in Sources */,
				4ECD69782AF9D9630036FBEC /* EmptyPhotoView.swift in Sources */,
				4E3E90FF2AFB138B008B168A /* HeroHeader.swift in Sources */,
				4E3E910E2AFB3A19008B168A /* Mocks.swift in Sources */,
				4ECD696F2AF9C1C10036FBEC /* Artist.swift in Sources */,
				4E3E90F72AFB12A5008B168A /* HeroSection.swift in Sources */,
				4ECD697A2AF9DAFF0036FBEC /* ArtistImageView.swift in Sources */,
			);
			runOnlyForDeploymentPostprocessing = 0;
		};
		4EB0B6C52AF9984F00B53D7F /* Sources */ = {
			isa = PBXSourcesBuildPhase;
			buildActionMask = 2147483647;
			files = (
				4EB0B6CE2AF9984F00B53D7F /* MusicDemoProjectTests.swift in Sources */,
			);
			runOnlyForDeploymentPostprocessing = 0;
		};
		4EB0B6CF2AF9984F00B53D7F /* Sources */ = {
			isa = PBXSourcesBuildPhase;
			buildActionMask = 2147483647;
			files = (
				4EB0B6D82AF9984F00B53D7F /* MusicDemoProjectUITests.swift in Sources */,
				4EB0B6DA2AF9984F00B53D7F /* MusicDemoProjectUITestsLaunchTests.swift in Sources */,
			);
			runOnlyForDeploymentPostprocessing = 0;
		};
/* End PBXSourcesBuildPhase section */

/* Begin PBXTargetDependency section */
		4EB0B6CB2AF9984F00B53D7F /* PBXTargetDependency */ = {
			isa = PBXTargetDependency;
			target = 4EB0B6B82AF9984E00B53D7F /* MusicDemoProject */;
			targetProxy = 4EB0B6CA2AF9984F00B53D7F /* PBXContainerItemProxy */;
		};
		4EB0B6D52AF9984F00B53D7F /* PBXTargetDependency */ = {
			isa = PBXTargetDependency;
			target = 4EB0B6B82AF9984E00B53D7F /* MusicDemoProject */;
			targetProxy = 4EB0B6D42AF9984F00B53D7F /* PBXContainerItemProxy */;
		};
/* End PBXTargetDependency section */

/* Begin XCBuildConfiguration section */
		4EB0B6DB2AF9984F00B53D7F /* Debug */ = {
			isa = XCBuildConfiguration;
			buildSettings = {
				ALWAYS_SEARCH_USER_PATHS = NO;
				ASSETCATALOG_COMPILER_GENERATE_SWIFT_ASSET_SYMBOL_EXTENSIONS = YES;
				CLANG_ANALYZER_NONNULL = YES;
				CLANG_ANALYZER_NUMBER_OBJECT_CONVERSION = YES_AGGRESSIVE;
				CLANG_CXX_LANGUAGE_STANDARD = "gnu++20";
				CLANG_ENABLE_MODULES = YES;
				CLANG_ENABLE_OBJC_ARC = YES;
				CLANG_ENABLE_OBJC_WEAK = YES;
				CLANG_WARN_BLOCK_CAPTURE_AUTORELEASING = YES;
				CLANG_WARN_BOOL_CONVERSION = YES;
				CLANG_WARN_COMMA = YES;
				CLANG_WARN_CONSTANT_CONVERSION = YES;
				CLANG_WARN_DEPRECATED_OBJC_IMPLEMENTATIONS = YES;
				CLANG_WARN_DIRECT_OBJC_ISA_USAGE = YES_ERROR;
				CLANG_WARN_DOCUMENTATION_COMMENTS = YES;
				CLANG_WARN_EMPTY_BODY = YES;
				CLANG_WARN_ENUM_CONVERSION = YES;
				CLANG_WARN_INFINITE_RECURSION = YES;
				CLANG_WARN_INT_CONVERSION = YES;
				CLANG_WARN_NON_LITERAL_NULL_CONVERSION = YES;
				CLANG_WARN_OBJC_IMPLICIT_RETAIN_SELF = YES;
				CLANG_WARN_OBJC_LITERAL_CONVERSION = YES;
				CLANG_WARN_OBJC_ROOT_CLASS = YES_ERROR;
				CLANG_WARN_QUOTED_INCLUDE_IN_FRAMEWORK_HEADER = YES;
				CLANG_WARN_RANGE_LOOP_ANALYSIS = YES;
				CLANG_WARN_STRICT_PROTOTYPES = YES;
				CLANG_WARN_SUSPICIOUS_MOVE = YES;
				CLANG_WARN_UNGUARDED_AVAILABILITY = YES_AGGRESSIVE;
				CLANG_WARN_UNREACHABLE_CODE = YES;
				CLANG_WARN__DUPLICATE_METHOD_MATCH = YES;
				COPY_PHASE_STRIP = NO;
				DEBUG_INFORMATION_FORMAT = dwarf;
				ENABLE_STRICT_OBJC_MSGSEND = YES;
				ENABLE_TESTABILITY = YES;
				ENABLE_USER_SCRIPT_SANDBOXING = YES;
				GCC_C_LANGUAGE_STANDARD = gnu17;
				GCC_DYNAMIC_NO_PIC = NO;
				GCC_NO_COMMON_BLOCKS = YES;
				GCC_OPTIMIZATION_LEVEL = 0;
				GCC_PREPROCESSOR_DEFINITIONS = (
					"DEBUG=1",
					"$(inherited)",
				);
				GCC_WARN_64_TO_32_BIT_CONVERSION = YES;
				GCC_WARN_ABOUT_RETURN_TYPE = YES_ERROR;
				GCC_WARN_UNDECLARED_SELECTOR = YES;
				GCC_WARN_UNINITIALIZED_AUTOS = YES_AGGRESSIVE;
				GCC_WARN_UNUSED_FUNCTION = YES;
				GCC_WARN_UNUSED_VARIABLE = YES;
				IPHONEOS_DEPLOYMENT_TARGET = 17.0;
				LOCALIZATION_PREFERS_STRING_CATALOGS = YES;
				MTL_ENABLE_DEBUG_INFO = INCLUDE_SOURCE;
				MTL_FAST_MATH = YES;
				ONLY_ACTIVE_ARCH = YES;
				SDKROOT = iphoneos;
				SWIFT_ACTIVE_COMPILATION_CONDITIONS = "DEBUG $(inherited)";
				SWIFT_OPTIMIZATION_LEVEL = "-Onone";
			};
			name = Debug;
		};
		4EB0B6DC2AF9984F00B53D7F /* Release */ = {
			isa = XCBuildConfiguration;
			buildSettings = {
				ALWAYS_SEARCH_USER_PATHS = NO;
				ASSETCATALOG_COMPILER_GENERATE_SWIFT_ASSET_SYMBOL_EXTENSIONS = YES;
				CLANG_ANALYZER_NONNULL = YES;
				CLANG_ANALYZER_NUMBER_OBJECT_CONVERSION = YES_AGGRESSIVE;
				CLANG_CXX_LANGUAGE_STANDARD = "gnu++20";
				CLANG_ENABLE_MODULES = YES;
				CLANG_ENABLE_OBJC_ARC = YES;
				CLANG_ENABLE_OBJC_WEAK = YES;
				CLANG_WARN_BLOCK_CAPTURE_AUTORELEASING = YES;
				CLANG_WARN_BOOL_CONVERSION = YES;
				CLANG_WARN_COMMA = YES;
				CLANG_WARN_CONSTANT_CONVERSION = YES;
				CLANG_WARN_DEPRECATED_OBJC_IMPLEMENTATIONS = YES;
				CLANG_WARN_DIRECT_OBJC_ISA_USAGE = YES_ERROR;
				CLANG_WARN_DOCUMENTATION_COMMENTS = YES;
				CLANG_WARN_EMPTY_BODY = YES;
				CLANG_WARN_ENUM_CONVERSION = YES;
				CLANG_WARN_INFINITE_RECURSION = YES;
				CLANG_WARN_INT_CONVERSION = YES;
				CLANG_WARN_NON_LITERAL_NULL_CONVERSION = YES;
				CLANG_WARN_OBJC_IMPLICIT_RETAIN_SELF = YES;
				CLANG_WARN_OBJC_LITERAL_CONVERSION = YES;
				CLANG_WARN_OBJC_ROOT_CLASS = YES_ERROR;
				CLANG_WARN_QUOTED_INCLUDE_IN_FRAMEWORK_HEADER = YES;
				CLANG_WARN_RANGE_LOOP_ANALYSIS = YES;
				CLANG_WARN_STRICT_PROTOTYPES = YES;
				CLANG_WARN_SUSPICIOUS_MOVE = YES;
				CLANG_WARN_UNGUARDED_AVAILABILITY = YES_AGGRESSIVE;
				CLANG_WARN_UNREACHABLE_CODE = YES;
				CLANG_WARN__DUPLICATE_METHOD_MATCH = YES;
				COPY_PHASE_STRIP = NO;
				DEBUG_INFORMATION_FORMAT = "dwarf-with-dsym";
				ENABLE_NS_ASSERTIONS = NO;
				ENABLE_STRICT_OBJC_MSGSEND = YES;
				ENABLE_USER_SCRIPT_SANDBOXING = YES;
				GCC_C_LANGUAGE_STANDARD = gnu17;
				GCC_NO_COMMON_BLOCKS = YES;
				GCC_WARN_64_TO_32_BIT_CONVERSION = YES;
				GCC_WARN_ABOUT_RETURN_TYPE = YES_ERROR;
				GCC_WARN_UNDECLARED_SELECTOR = YES;
				GCC_WARN_UNINITIALIZED_AUTOS = YES_AGGRESSIVE;
				GCC_WARN_UNUSED_FUNCTION = YES;
				GCC_WARN_UNUSED_VARIABLE = YES;
				IPHONEOS_DEPLOYMENT_TARGET = 17.0;
				LOCALIZATION_PREFERS_STRING_CATALOGS = YES;
				MTL_ENABLE_DEBUG_INFO = NO;
				MTL_FAST_MATH = YES;
				SDKROOT = iphoneos;
				SWIFT_COMPILATION_MODE = wholemodule;
				VALIDATE_PRODUCT = YES;
			};
			name = Release;
		};
		4EB0B6DE2AF9984F00B53D7F /* Debug */ = {
			isa = XCBuildConfiguration;
			buildSettings = {
				ASSETCATALOG_COMPILER_APPICON_NAME = AppIcon;
				ASSETCATALOG_COMPILER_GLOBAL_ACCENT_COLOR_NAME = AccentColor;
				CODE_SIGN_STYLE = Automatic;
				CURRENT_PROJECT_VERSION = 1;
				DEVELOPMENT_ASSET_PATHS = "\"MusicDemoProject/Preview Content\"";
				DEVELOPMENT_TEAM = LXM27YT962;
				ENABLE_PREVIEWS = YES;
				GENERATE_INFOPLIST_FILE = YES;
				INFOPLIST_KEY_UIApplicationSceneManifest_Generation = YES;
				INFOPLIST_KEY_UIApplicationSupportsIndirectInputEvents = YES;
				INFOPLIST_KEY_UILaunchScreen_Generation = YES;
				INFOPLIST_KEY_UISupportedInterfaceOrientations_iPad = "UIInterfaceOrientationPortrait UIInterfaceOrientationPortraitUpsideDown UIInterfaceOrientationLandscapeLeft UIInterfaceOrientationLandscapeRight";
				INFOPLIST_KEY_UISupportedInterfaceOrientations_iPhone = "UIInterfaceOrientationPortrait UIInterfaceOrientationLandscapeLeft UIInterfaceOrientationLandscapeRight";
				IPHONEOS_DEPLOYMENT_TARGET = 17.0;
				LD_RUNPATH_SEARCH_PATHS = (
					"$(inherited)",
					"@executable_path/Frameworks",
				);
				MARKETING_VERSION = 1.0;
				PRODUCT_BUNDLE_IDENTIFIER = com.golivera.MusicDemoProject;
				PRODUCT_NAME = "$(TARGET_NAME)";
				SWIFT_EMIT_LOC_STRINGS = YES;
				SWIFT_VERSION = 5.0;
				TARGETED_DEVICE_FAMILY = "1,2";
			};
			name = Debug;
		};
		4EB0B6DF2AF9984F00B53D7F /* Release */ = {
			isa = XCBuildConfiguration;
			buildSettings = {
				ASSETCATALOG_COMPILER_APPICON_NAME = AppIcon;
				ASSETCATALOG_COMPILER_GLOBAL_ACCENT_COLOR_NAME = AccentColor;
				CODE_SIGN_STYLE = Automatic;
				CURRENT_PROJECT_VERSION = 1;
				DEVELOPMENT_ASSET_PATHS = "\"MusicDemoProject/Preview Content\"";
				DEVELOPMENT_TEAM = LXM27YT962;
				ENABLE_PREVIEWS = YES;
				GENERATE_INFOPLIST_FILE = YES;
				INFOPLIST_KEY_UIApplicationSceneManifest_Generation = YES;
				INFOPLIST_KEY_UIApplicationSupportsIndirectInputEvents = YES;
				INFOPLIST_KEY_UILaunchScreen_Generation = YES;
				INFOPLIST_KEY_UISupportedInterfaceOrientations_iPad = "UIInterfaceOrientationPortrait UIInterfaceOrientationPortraitUpsideDown UIInterfaceOrientationLandscapeLeft UIInterfaceOrientationLandscapeRight";
				INFOPLIST_KEY_UISupportedInterfaceOrientations_iPhone = "UIInterfaceOrientationPortrait UIInterfaceOrientationLandscapeLeft UIInterfaceOrientationLandscapeRight";
				IPHONEOS_DEPLOYMENT_TARGET = 17.0;
				LD_RUNPATH_SEARCH_PATHS = (
					"$(inherited)",
					"@executable_path/Frameworks",
				);
				MARKETING_VERSION = 1.0;
				PRODUCT_BUNDLE_IDENTIFIER = com.golivera.MusicDemoProject;
				PRODUCT_NAME = "$(TARGET_NAME)";
				SWIFT_EMIT_LOC_STRINGS = YES;
				SWIFT_VERSION = 5.0;
				TARGETED_DEVICE_FAMILY = "1,2";
			};
			name = Release;
		};
		4EB0B6E12AF9984F00B53D7F /* Debug */ = {
			isa = XCBuildConfiguration;
			buildSettings = {
				ALWAYS_EMBED_SWIFT_STANDARD_LIBRARIES = YES;
				BUNDLE_LOADER = "$(TEST_HOST)";
				CODE_SIGN_STYLE = Automatic;
				CURRENT_PROJECT_VERSION = 1;
				DEVELOPMENT_TEAM = LXM27YT962;
				GENERATE_INFOPLIST_FILE = YES;
				IPHONEOS_DEPLOYMENT_TARGET = 17.0;
				MARKETING_VERSION = 1.0;
				PRODUCT_BUNDLE_IDENTIFIER = com.golivera.MusicDemoProjectTests;
				PRODUCT_NAME = "$(TARGET_NAME)";
				SWIFT_EMIT_LOC_STRINGS = NO;
				SWIFT_VERSION = 5.0;
				TARGETED_DEVICE_FAMILY = "1,2";
				TEST_HOST = "$(BUILT_PRODUCTS_DIR)/MusicDemoProject.app/$(BUNDLE_EXECUTABLE_FOLDER_PATH)/MusicDemoProject";
			};
			name = Debug;
		};
		4EB0B6E22AF9984F00B53D7F /* Release */ = {
			isa = XCBuildConfiguration;
			buildSettings = {
				ALWAYS_EMBED_SWIFT_STANDARD_LIBRARIES = YES;
				BUNDLE_LOADER = "$(TEST_HOST)";
				CODE_SIGN_STYLE = Automatic;
				CURRENT_PROJECT_VERSION = 1;
				DEVELOPMENT_TEAM = LXM27YT962;
				GENERATE_INFOPLIST_FILE = YES;
				IPHONEOS_DEPLOYMENT_TARGET = 17.0;
				MARKETING_VERSION = 1.0;
				PRODUCT_BUNDLE_IDENTIFIER = com.golivera.MusicDemoProjectTests;
				PRODUCT_NAME = "$(TARGET_NAME)";
				SWIFT_EMIT_LOC_STRINGS = NO;
				SWIFT_VERSION = 5.0;
				TARGETED_DEVICE_FAMILY = "1,2";
				TEST_HOST = "$(BUILT_PRODUCTS_DIR)/MusicDemoProject.app/$(BUNDLE_EXECUTABLE_FOLDER_PATH)/MusicDemoProject";
			};
			name = Release;
		};
		4EB0B6E42AF9984F00B53D7F /* Debug */ = {
			isa = XCBuildConfiguration;
			buildSettings = {
				ALWAYS_EMBED_SWIFT_STANDARD_LIBRARIES = YES;
				CODE_SIGN_STYLE = Automatic;
				CURRENT_PROJECT_VERSION = 1;
				DEVELOPMENT_TEAM = LXM27YT962;
				GENERATE_INFOPLIST_FILE = YES;
				MARKETING_VERSION = 1.0;
				PRODUCT_BUNDLE_IDENTIFIER = com.golivera.MusicDemoProjectUITests;
				PRODUCT_NAME = "$(TARGET_NAME)";
				SWIFT_EMIT_LOC_STRINGS = NO;
				SWIFT_VERSION = 5.0;
				TARGETED_DEVICE_FAMILY = "1,2";
				TEST_TARGET_NAME = MusicDemoProject;
			};
			name = Debug;
		};
		4EB0B6E52AF9984F00B53D7F /* Release */ = {
			isa = XCBuildConfiguration;
			buildSettings = {
				ALWAYS_EMBED_SWIFT_STANDARD_LIBRARIES = YES;
				CODE_SIGN_STYLE = Automatic;
				CURRENT_PROJECT_VERSION = 1;
				DEVELOPMENT_TEAM = LXM27YT962;
				GENERATE_INFOPLIST_FILE = YES;
				MARKETING_VERSION = 1.0;
				PRODUCT_BUNDLE_IDENTIFIER = com.golivera.MusicDemoProjectUITests;
				PRODUCT_NAME = "$(TARGET_NAME)";
				SWIFT_EMIT_LOC_STRINGS = NO;
				SWIFT_VERSION = 5.0;
				TARGETED_DEVICE_FAMILY = "1,2";
				TEST_TARGET_NAME = MusicDemoProject;
			};
			name = Release;
		};
/* End XCBuildConfiguration section */

/* Begin XCConfigurationList section */
		4EB0B6B42AF9984E00B53D7F /* Build configuration list for PBXProject "MusicDemoProject" */ = {
			isa = XCConfigurationList;
			buildConfigurations = (
				4EB0B6DB2AF9984F00B53D7F /* Debug */,
				4EB0B6DC2AF9984F00B53D7F /* Release */,
			);
			defaultConfigurationIsVisible = 0;
			defaultConfigurationName = Release;
		};
		4EB0B6DD2AF9984F00B53D7F /* Build configuration list for PBXNativeTarget "MusicDemoProject" */ = {
			isa = XCConfigurationList;
			buildConfigurations = (
				4EB0B6DE2AF9984F00B53D7F /* Debug */,
				4EB0B6DF2AF9984F00B53D7F /* Release */,
			);
			defaultConfigurationIsVisible = 0;
			defaultConfigurationName = Release;
		};
		4EB0B6E02AF9984F00B53D7F /* Build configuration list for PBXNativeTarget "MusicDemoProjectTests" */ = {
			isa = XCConfigurationList;
			buildConfigurations = (
				4EB0B6E12AF9984F00B53D7F /* Debug */,
				4EB0B6E22AF9984F00B53D7F /* Release */,
			);
			defaultConfigurationIsVisible = 0;
			defaultConfigurationName = Release;
		};
		4EB0B6E32AF9984F00B53D7F /* Build configuration list for PBXNativeTarget "MusicDemoProjectUITests" */ = {
			isa = XCConfigurationList;
			buildConfigurations = (
				4EB0B6E42AF9984F00B53D7F /* Debug */,
				4EB0B6E52AF9984F00B53D7F /* Release */,
			);
			defaultConfigurationIsVisible = 0;
			defaultConfigurationName = Release;
		};
/* End XCConfigurationList section */
	};
	rootObject = 4EB0B6B12AF9984E00B53D7F /* Project object */;
}
